
Microsoft Visual Studio Solution File, Format Version 12.00
# Visual Studio Version 16
VisualStudioVersion = 16.0.29521.150
MinimumVisualStudioVersion = 10.0.40219.1
Project("{9A19103F-16F7-4668-BE54-9A1E7A4F7556}") = "TemplateSelector_NETCore", "TemplateSelector_NETCore.csproj", "{A587BC53-7451-423F-83E1-15A303B950A8}"
EndProject
Global
	GlobalSection(SolutionConfigurationPlatforms) = preSolution
		Debug|Any CPU = Debug|Any CPU
		Release|Any CPU = Release|Any CPU
	EndGlobalSection
	GlobalSection(ProjectConfigurationPlatforms) = postSolution
		{A587BC53-7451-423F-83E1-15A303B950A8}.Debug|Any CPU.ActiveCfg = Debug|Any CPU
		{A587BC53-7451-423F-83E1-15A303B950A8}.Debug|Any CPU.Build.0 = Debug|Any CPU
		{A587BC53-7451-423F-83E1-15A303B950A8}.Release|Any CPU.ActiveCfg = Release|Any CPU
		{A587BC53-7451-423F-83E1-15A303B950A8}.Release|Any CPU.Build.0 = Release|Any CPU
	EndGlobalSection
	GlobalSection(SolutionProperties) = preSolution
		HideSolutionNode = FALSE
	EndGlobalSection
	GlobalSection(ExtensibilityGlobals) = postSolution
		SolutionGuid = {B5B3581F-1006-424B-8223-4D22C679DB2A}
	EndGlobalSection
EndGlobal
